
Microsoft Visual Studio Solution File, Format Version 12.00
# Visual Studio Express 2012 for Windows Desktop
Project("{8BC9CEB8-8B4A-11D0-8D11-00A0C91BC942}") = "week1_task1", "week1_task1\week1_task1.vcxproj", "{1F3FD892-8DC3-4072-B31F-EF9BB697DF3A}"
	ProjectSection(ProjectDependencies) = postProject
		{9FDF2FFB-6664-41AF-98D5-8870892A45B5} = {9FDF2FFB-6664-41AF-98D5-8870892A45B5}
	EndProjectSection
EndProject
Project("{2150E333-8FDC-42A3-9474-1A3956D46DE8}") = "week1", "week1", "{5889B203-BB62-41D5-85C5-69C3A23BA1DC}"
EndProject
Project("{8BC9CEB8-8B4A-11D0-8D11-00A0C91BC942}") = "week1_task2", "week1_task2\week1_task2.vcxproj", "{D4AF350C-2336-42DC-B22F-D4757A991F99}"
	ProjectSection(ProjectDependencies) = postProject
		{9FDF2FFB-6664-41AF-98D5-8870892A45B5} = {9FDF2FFB-6664-41AF-98D5-8870892A45B5}
	EndProjectSection
EndProject
Project("{8BC9CEB8-8B4A-11D0-8D11-00A0C91BC942}") = "week1_task3", "week1_task3\week1_task3.vcxproj", "{40924163-6A62-42E7-8CC7-D1FFAD5D5B9F}"
	ProjectSection(ProjectDependencies) = postProject
		{9FDF2FFB-6664-41AF-98D5-8870892A45B5} = {9FDF2FFB-6664-41AF-98D5-8870892A45B5}
	EndProjectSection
EndProject
Project("{8BC9CEB8-8B4A-11D0-8D11-00A0C91BC942}") = "week1_task4", "week1_task4\week1_task4.vcxproj", "{633B13E4-DEB9-4C08-B328-3F5505B213CB}"
	ProjectSection(ProjectDependencies) = postProject
		{9FDF2FFB-6664-41AF-98D5-8870892A45B5} = {9FDF2FFB-6664-41AF-98D5-8870892A45B5}
	EndProjectSection
EndProject
Project("{8BC9CEB8-8B4A-11D0-8D11-00A0C91BC942}") = "week1_task5", "week1_task5\week1_task5.vcxproj", "{6D7D9D62-B8A1-4EE1-9B48-C0876B30EEF2}"
	ProjectSection(ProjectDependencies) = postProject
		{9FDF2FFB-6664-41AF-98D5-8870892A45B5} = {9FDF2FFB-6664-41AF-98D5-8870892A45B5}
	EndProjectSection
EndProject
Project("{8BC9CEB8-8B4A-11D0-8D11-00A0C91BC942}") = "week1_task6", "week1_task6\week1_task6.vcxproj", "{560AB048-3028-48D1-9FA2-FD16834F7693}"
	ProjectSection(ProjectDependencies) = postProject
		{9FDF2FFB-6664-41AF-98D5-8870892A45B5} = {9FDF2FFB-6664-41AF-98D5-8870892A45B5}
	EndProjectSection
EndProject
Project("{8BC9CEB8-8B4A-11D0-8D11-00A0C91BC942}") = "week1_task7", "week1_task7\week1_task7.vcxproj", "{111C3272-4493-4D03-A219-1DE37AEE035B}"
	ProjectSection(ProjectDependencies) = postProject
		{9FDF2FFB-6664-41AF-98D5-8870892A45B5} = {9FDF2FFB-6664-41AF-98D5-8870892A45B5}
	EndProjectSection
EndProject
Project("{8BC9CEB8-8B4A-11D0-8D11-00A0C91BC942}") = "week1_task8", "week1_task8\week1_task8.vcxproj", "{9052C66E-BAA1-4D39-A6E1-73BECD3517B4}"
	ProjectSection(ProjectDependencies) = postProject
		{9FDF2FFB-6664-41AF-98D5-8870892A45B5} = {9FDF2FFB-6664-41AF-98D5-8870892A45B5}
	EndProjectSection
EndProject
Project("{8BC9CEB8-8B4A-11D0-8D11-00A0C91BC942}") = "week1_task9", "week1_task9\week1_task9.vcxproj", "{51CC5493-66A5-4CA2-8B82-65BDFDFF38E0}"
	ProjectSection(ProjectDependencies) = postProject
		{9FDF2FFB-6664-41AF-98D5-8870892A45B5} = {9FDF2FFB-6664-41AF-98D5-8870892A45B5}
	EndProjectSection
EndProject
Project("{8BC9CEB8-8B4A-11D0-8D11-00A0C91BC942}") = "week1_task10", "week1_task10\week1_task10.vcxproj", "{39485179-F9D6-4422-ADCF-AC439818B54F}"
	ProjectSection(ProjectDependencies) = postProject
		{9FDF2FFB-6664-41AF-98D5-8870892A45B5} = {9FDF2FFB-6664-41AF-98D5-8870892A45B5}
	EndProjectSection
EndProject
Project("{8BC9CEB8-8B4A-11D0-8D11-00A0C91BC942}") = "week1_task11", "week1_task11\week1_task11.vcxproj", "{55CDB3F8-33EF-408E-BD94-7A400BD0D736}"
	ProjectSection(ProjectDependencies) = postProject
		{9FDF2FFB-6664-41AF-98D5-8870892A45B5} = {9FDF2FFB-6664-41AF-98D5-8870892A45B5}
	EndProjectSection
EndProject
Project("{8BC9CEB8-8B4A-11D0-8D11-00A0C91BC942}") = "bioinformatics_algo", "bioinformatics_algo\bioinformatics_algo.vcxproj", "{9FDF2FFB-6664-41AF-98D5-8870892A45B5}"
EndProject
Project("{8BC9CEB8-8B4A-11D0-8D11-00A0C91BC942}") = "week1_cs_freq_array", "week1_cs_freq_array\week1_cs_freq_array.vcxproj", "{40822125-FF72-44E7-9FD8-408574A95B94}"
	ProjectSection(ProjectDependencies) = postProject
		{9FDF2FFB-6664-41AF-98D5-8870892A45B5} = {9FDF2FFB-6664-41AF-98D5-8870892A45B5}
	EndProjectSection
EndProject
Project("{8BC9CEB8-8B4A-11D0-8D11-00A0C91BC942}") = "week1_cs_neighbors", "week1_cs_neighbors\week1_cs_neighbors.vcxproj", "{DEADDD84-386D-413D-A7DD-3435EBBF1FEE}"
EndProject
Project("{8BC9CEB8-8B4A-11D0-8D11-00A0C91BC942}") = "week2_task1", "week2_task1\week2_task1.vcxproj", "{817B604F-1BA8-440A-8911-6CEA39FDA147}"
EndProject
Global
	GlobalSection(SolutionConfigurationPlatforms) = preSolution
		Debug|Win32 = Debug|Win32
		Release|Win32 = Release|Win32
	EndGlobalSection
	GlobalSection(ProjectConfigurationPlatforms) = postSolution
		{1F3FD892-8DC3-4072-B31F-EF9BB697DF3A}.Debug|Win32.ActiveCfg = Debug|Win32
		{1F3FD892-8DC3-4072-B31F-EF9BB697DF3A}.Debug|Win32.Build.0 = Debug|Win32
		{1F3FD892-8DC3-4072-B31F-EF9BB697DF3A}.Release|Win32.ActiveCfg = Release|Win32
		{1F3FD892-8DC3-4072-B31F-EF9BB697DF3A}.Release|Win32.Build.0 = Release|Win32
		{D4AF350C-2336-42DC-B22F-D4757A991F99}.Debug|Win32.ActiveCfg = Debug|Win32
		{D4AF350C-2336-42DC-B22F-D4757A991F99}.Debug|Win32.Build.0 = Debug|Win32
		{D4AF350C-2336-42DC-B22F-D4757A991F99}.Release|Win32.ActiveCfg = Release|Win32
		{D4AF350C-2336-42DC-B22F-D4757A991F99}.Release|Win32.Build.0 = Release|Win32
		{40924163-6A62-42E7-8CC7-D1FFAD5D5B9F}.Debug|Win32.ActiveCfg = Debug|Win32
		{40924163-6A62-42E7-8CC7-D1FFAD5D5B9F}.Debug|Win32.Build.0 = Debug|Win32
		{40924163-6A62-42E7-8CC7-D1FFAD5D5B9F}.Release|Win32.ActiveCfg = Release|Win32
		{40924163-6A62-42E7-8CC7-D1FFAD5D5B9F}.Release|Win32.Build.0 = Release|Win32
		{633B13E4-DEB9-4C08-B328-3F5505B213CB}.Debug|Win32.ActiveCfg = Debug|Win32
		{633B13E4-DEB9-4C08-B328-3F5505B213CB}.Debug|Win32.Build.0 = Debug|Win32
		{633B13E4-DEB9-4C08-B328-3F5505B213CB}.Release|Win32.ActiveCfg = Release|Win32
		{633B13E4-DEB9-4C08-B328-3F5505B213CB}.Release|Win32.Build.0 = Release|Win32
		{6D7D9D62-B8A1-4EE1-9B48-C0876B30EEF2}.Debug|Win32.ActiveCfg = Debug|Win32
		{6D7D9D62-B8A1-4EE1-9B48-C0876B30EEF2}.Debug|Win32.Build.0 = Debug|Win32
		{6D7D9D62-B8A1-4EE1-9B48-C0876B30EEF2}.Release|Win32.ActiveCfg = Release|Win32
		{6D7D9D62-B8A1-4EE1-9B48-C0876B30EEF2}.Release|Win32.Build.0 = Release|Win32
		{560AB048-3028-48D1-9FA2-FD16834F7693}.Debug|Win32.ActiveCfg = Debug|Win32
		{560AB048-3028-48D1-9FA2-FD16834F7693}.Debug|Win32.Build.0 = Debug|Win32
		{560AB048-3028-48D1-9FA2-FD16834F7693}.Release|Win32.ActiveCfg = Release|Win32
		{560AB048-3028-48D1-9FA2-FD16834F7693}.Release|Win32.Build.0 = Release|Win32
		{111C3272-4493-4D03-A219-1DE37AEE035B}.Debug|Win32.ActiveCfg = Debug|Win32
		{111C3272-4493-4D03-A219-1DE37AEE035B}.Debug|Win32.Build.0 = Debug|Win32
		{111C3272-4493-4D03-A219-1DE37AEE035B}.Release|Win32.ActiveCfg = Release|Win32
		{111C3272-4493-4D03-A219-1DE37AEE035B}.Release|Win32.Build.0 = Release|Win32
		{9052C66E-BAA1-4D39-A6E1-73BECD3517B4}.Debug|Win32.ActiveCfg = Debug|Win32
		{9052C66E-BAA1-4D39-A6E1-73BECD3517B4}.Debug|Win32.Build.0 = Debug|Win32
		{9052C66E-BAA1-4D39-A6E1-73BECD3517B4}.Release|Win32.ActiveCfg = Release|Win32
		{9052C66E-BAA1-4D39-A6E1-73BECD3517B4}.Release|Win32.Build.0 = Release|Win32
		{51CC5493-66A5-4CA2-8B82-65BDFDFF38E0}.Debug|Win32.ActiveCfg = Debug|Win32
		{51CC5493-66A5-4CA2-8B82-65BDFDFF38E0}.Debug|Win32.Build.0 = Debug|Win32
		{51CC5493-66A5-4CA2-8B82-65BDFDFF38E0}.Release|Win32.ActiveCfg = Release|Win32
		{51CC5493-66A5-4CA2-8B82-65BDFDFF38E0}.Release|Win32.Build.0 = Release|Win32
		{39485179-F9D6-4422-ADCF-AC439818B54F}.Debug|Win32.ActiveCfg = Debug|Win32
		{39485179-F9D6-4422-ADCF-AC439818B54F}.Debug|Win32.Build.0 = Debug|Win32
		{39485179-F9D6-4422-ADCF-AC439818B54F}.Release|Win32.ActiveCfg = Release|Win32
		{39485179-F9D6-4422-ADCF-AC439818B54F}.Release|Win32.Build.0 = Release|Win32
		{55CDB3F8-33EF-408E-BD94-7A400BD0D736}.Debug|Win32.ActiveCfg = Debug|Win32
		{55CDB3F8-33EF-408E-BD94-7A400BD0D736}.Debug|Win32.Build.0 = Debug|Win32
		{55CDB3F8-33EF-408E-BD94-7A400BD0D736}.Release|Win32.ActiveCfg = Release|Win32
		{55CDB3F8-33EF-408E-BD94-7A400BD0D736}.Release|Win32.Build.0 = Release|Win32
		{9FDF2FFB-6664-41AF-98D5-8870892A45B5}.Debug|Win32.ActiveCfg = Debug|Win32
		{9FDF2FFB-6664-41AF-98D5-8870892A45B5}.Debug|Win32.Build.0 = Debug|Win32
		{9FDF2FFB-6664-41AF-98D5-8870892A45B5}.Release|Win32.ActiveCfg = Release|Win32
		{9FDF2FFB-6664-41AF-98D5-8870892A45B5}.Release|Win32.Build.0 = Release|Win32
		{40822125-FF72-44E7-9FD8-408574A95B94}.Debug|Win32.ActiveCfg = Debug|Win32
		{40822125-FF72-44E7-9FD8-408574A95B94}.Debug|Win32.Build.0 = Debug|Win32
		{40822125-FF72-44E7-9FD8-408574A95B94}.Release|Win32.ActiveCfg = Release|Win32
		{40822125-FF72-44E7-9FD8-408574A95B94}.Release|Win32.Build.0 = Release|Win32
		{DEADDD84-386D-413D-A7DD-3435EBBF1FEE}.Debug|Win32.ActiveCfg = Debug|Win32
		{DEADDD84-386D-413D-A7DD-3435EBBF1FEE}.Debug|Win32.Build.0 = Debug|Win32
		{DEADDD84-386D-413D-A7DD-3435EBBF1FEE}.Release|Win32.ActiveCfg = Release|Win32
		{DEADDD84-386D-413D-A7DD-3435EBBF1FEE}.Release|Win32.Build.0 = Release|Win32
		{817B604F-1BA8-440A-8911-6CEA39FDA147}.Debug|Win32.ActiveCfg = Debug|Win32
		{817B604F-1BA8-440A-8911-6CEA39FDA147}.Debug|Win32.Build.0 = Debug|Win32
		{817B604F-1BA8-440A-8911-6CEA39FDA147}.Release|Win32.ActiveCfg = Release|Win32
		{817B604F-1BA8-440A-8911-6CEA39FDA147}.Release|Win32.Build.0 = Release|Win32
	EndGlobalSection
	GlobalSection(SolutionProperties) = preSolution
		HideSolutionNode = FALSE
	EndGlobalSection
	GlobalSection(NestedProjects) = preSolution
		{1F3FD892-8DC3-4072-B31F-EF9BB697DF3A} = {5889B203-BB62-41D5-85C5-69C3A23BA1DC}
		{D4AF350C-2336-42DC-B22F-D4757A991F99} = {5889B203-BB62-41D5-85C5-69C3A23BA1DC}
		{40924163-6A62-42E7-8CC7-D1FFAD5D5B9F} = {5889B203-BB62-41D5-85C5-69C3A23BA1DC}
		{633B13E4-DEB9-4C08-B328-3F5505B213CB} = {5889B203-BB62-41D5-85C5-69C3A23BA1DC}
		{6D7D9D62-B8A1-4EE1-9B48-C0876B30EEF2} = {5889B203-BB62-41D5-85C5-69C3A23BA1DC}
		{560AB048-3028-48D1-9FA2-FD16834F7693} = {5889B203-BB62-41D5-85C5-69C3A23BA1DC}
		{111C3272-4493-4D03-A219-1DE37AEE035B} = {5889B203-BB62-41D5-85C5-69C3A23BA1DC}
		{9052C66E-BAA1-4D39-A6E1-73BECD3517B4} = {5889B203-BB62-41D5-85C5-69C3A23BA1DC}
		{51CC5493-66A5-4CA2-8B82-65BDFDFF38E0} = {5889B203-BB62-41D5-85C5-69C3A23BA1DC}
		{39485179-F9D6-4422-ADCF-AC439818B54F} = {5889B203-BB62-41D5-85C5-69C3A23BA1DC}
		{55CDB3F8-33EF-408E-BD94-7A400BD0D736} = {5889B203-BB62-41D5-85C5-69C3A23BA1DC}
		{40822125-FF72-44E7-9FD8-408574A95B94} = {5889B203-BB62-41D5-85C5-69C3A23BA1DC}
		{DEADDD84-386D-413D-A7DD-3435EBBF1FEE} = {5889B203-BB62-41D5-85C5-69C3A23BA1DC}
	EndGlobalSection
EndGlobal
